
Microsoft Visual Studio Solution File, Format Version 12.00
# Visual Studio Version 17
VisualStudioVersion = 17.10.34928.147
MinimumVisualStudioVersion = 10.0.40219.1
Project("{9A19103F-16F7-4668-BE54-9A1E7A4F7556}") = "ProjetoAndre", "ProjetoAndre\ProjetoAndre.csproj", "{4951E43E-B492-4D69-B4C3-1C0704F9D45F}"
EndProject
Project("{9A19103F-16F7-4668-BE54-9A1E7A4F7556}") = "Models", "..\Models\Models\Models.csproj", "{F6A804A2-C335-44A5-B7BA-DFE3F08E63CE}"
EndProject
Project("{9A19103F-16F7-4668-BE54-9A1E7A4F7556}") = "Repositories", "Repositories\Repositories.csproj", "{4D2A5847-CEA1-4086-BF09-ED99460DDE0C}"
EndProject
Project("{9A19103F-16F7-4668-BE54-9A1E7A4F7556}") = "Services", "Services\Services.csproj", "{A1ACE287-8375-4115-96BF-655F48335F91}"
EndProject
Project("{9A19103F-16F7-4668-BE54-9A1E7A4F7556}") = "Controllers", "Controllers\Controllers.csproj", "{00605210-A051-4445-921A-98E9E6C9E692}"
EndProject
Project("{FAE04EC0-301F-11D3-BF4B-00C04F79EFBC}") = "AndreVehiclesAPI", "AndreVehiclesAPI\AndreVehiclesAPI.csproj", "{B0E466DA-A331-4AEB-A7C5-CBDE69E03363}"
EndProject
Global
	GlobalSection(SolutionConfigurationPlatforms) = preSolution
		Debug|Any CPU = Debug|Any CPU
		Release|Any CPU = Release|Any CPU
	EndGlobalSection
	GlobalSection(ProjectConfigurationPlatforms) = postSolution
		{4951E43E-B492-4D69-B4C3-1C0704F9D45F}.Debug|Any CPU.ActiveCfg = Debug|Any CPU
		{4951E43E-B492-4D69-B4C3-1C0704F9D45F}.Debug|Any CPU.Build.0 = Debug|Any CPU
		{4951E43E-B492-4D69-B4C3-1C0704F9D45F}.Release|Any CPU.ActiveCfg = Release|Any CPU
		{4951E43E-B492-4D69-B4C3-1C0704F9D45F}.Release|Any CPU.Build.0 = Release|Any CPU
		{F6A804A2-C335-44A5-B7BA-DFE3F08E63CE}.Debug|Any CPU.ActiveCfg = Debug|Any CPU
		{F6A804A2-C335-44A5-B7BA-DFE3F08E63CE}.Debug|Any CPU.Build.0 = Debug|Any CPU
		{F6A804A2-C335-44A5-B7BA-DFE3F08E63CE}.Release|Any CPU.ActiveCfg = Release|Any CPU
		{F6A804A2-C335-44A5-B7BA-DFE3F08E63CE}.Release|Any CPU.Build.0 = Release|Any CPU
		{4D2A5847-CEA1-4086-BF09-ED99460DDE0C}.Debug|Any CPU.ActiveCfg = Debug|Any CPU
		{4D2A5847-CEA1-4086-BF09-ED99460DDE0C}.Debug|Any CPU.Build.0 = Debug|Any CPU
		{4D2A5847-CEA1-4086-BF09-ED99460DDE0C}.Release|Any CPU.ActiveCfg = Release|Any CPU
		{4D2A5847-CEA1-4086-BF09-ED99460DDE0C}.Release|Any CPU.Build.0 = Release|Any CPU
		{A1ACE287-8375-4115-96BF-655F48335F91}.Debug|Any CPU.ActiveCfg = Debug|Any CPU
		{A1ACE287-8375-4115-96BF-655F48335F91}.Debug|Any CPU.Build.0 = Debug|Any CPU
		{A1ACE287-8375-4115-96BF-655F48335F91}.Release|Any CPU.ActiveCfg = Release|Any CPU
		{A1ACE287-8375-4115-96BF-655F48335F91}.Release|Any CPU.Build.0 = Release|Any CPU
		{00605210-A051-4445-921A-98E9E6C9E692}.Debug|Any CPU.ActiveCfg = Debug|Any CPU
		{00605210-A051-4445-921A-98E9E6C9E692}.Debug|Any CPU.Build.0 = Debug|Any CPU
		{00605210-A051-4445-921A-98E9E6C9E692}.Release|Any CPU.ActiveCfg = Release|Any CPU
		{00605210-A051-4445-921A-98E9E6C9E692}.Release|Any CPU.Build.0 = Release|Any CPU
		{B0E466DA-A331-4AEB-A7C5-CBDE69E03363}.Debug|Any CPU.ActiveCfg = Debug|Any CPU
		{B0E466DA-A331-4AEB-A7C5-CBDE69E03363}.Debug|Any CPU.Build.0 = Debug|Any CPU
		{B0E466DA-A331-4AEB-A7C5-CBDE69E03363}.Release|Any CPU.ActiveCfg = Release|Any CPU
		{B0E466DA-A331-4AEB-A7C5-CBDE69E03363}.Release|Any CPU.Build.0 = Release|Any CPU
	EndGlobalSection
	GlobalSection(SolutionProperties) = preSolution
		HideSolutionNode = FALSE
	EndGlobalSection
	GlobalSection(ExtensibilityGlobals) = postSolution
		SolutionGuid = {3A0AB97A-9B61-4E1A-B76B-3658CB71E9D8}
	EndGlobalSection
EndGlobal
